// !$*UTF8*$!
{
	archiveVersion = 1;
	classes = {
	};
	objectVersion = 50;
	objects = {

/* Begin PBXBuildFile section */
		CBD7B233244AD17B00596DA7 /* AppDelegate.swift in Sources */ = {isa = PBXBuildFile; fileRef = CBD7B232244AD17A00596DA7 /* AppDelegate.swift */; };
		CBD7B235244AD17B00596DA7 /* SceneDelegate.swift in Sources */ = {isa = PBXBuildFile; fileRef = CBD7B234244AD17B00596DA7 /* SceneDelegate.swift */; };
		CBD7B237244AD17B00596DA7 /* BCHLaunchScreenViewController.swift in Sources */ = {isa = PBXBuildFile; fileRef = CBD7B236244AD17B00596DA7 /* BCHLaunchScreenViewController.swift */; };
		CBD7B23C244AD17D00596DA7 /* Assets.xcassets in Resources */ = {isa = PBXBuildFile; fileRef = CBD7B23B244AD17D00596DA7 /* Assets.xcassets */; };
		CBD7B248244AD4D300596DA7 /* BCHLaunchScreenView.swift in Sources */ = {isa = PBXBuildFile; fileRef = CBD7B247244AD4D300596DA7 /* BCHLaunchScreenView.swift */; };
		CBD7B24A244ADF5E00596DA7 /* LaunchScreen.storyboard in Resources */ = {isa = PBXBuildFile; fileRef = CBD7B249244ADF5E00596DA7 /* LaunchScreen.storyboard */; };
		CBD7B24D244AE90F00596DA7 /* Transaction.swift in Sources */ = {isa = PBXBuildFile; fileRef = CBD7B24C244AE90F00596DA7 /* Transaction.swift */; };
		CBD7B24F244B50B400596DA7 /* Block.swift in Sources */ = {isa = PBXBuildFile; fileRef = CBD7B24E244B50B400596DA7 /* Block.swift */; };
		CBD7B251244B50D700596DA7 /* Blockchain.swift in Sources */ = {isa = PBXBuildFile; fileRef = CBD7B250244B50D700596DA7 /* Blockchain.swift */; };
		CBD7B254244B50FF00596DA7 /* String+Extensions.swift in Sources */ = {isa = PBXBuildFile; fileRef = CBD7B253244B50FF00596DA7 /* String+Extensions.swift */; };
		CBD7B257244B514500596DA7 /* BCHHomeViewController.swift in Sources */ = {isa = PBXBuildFile; fileRef = CBD7B256244B514500596DA7 /* BCHHomeViewController.swift */; };
/* End PBXBuildFile section */

/* Begin PBXFileReference section */
		CBD7B22F244AD17A00596DA7 /* Blockchain.app */ = {isa = PBXFileReference; explicitFileType = wrapper.application; includeInIndex = 0; path = Blockchain.app; sourceTree = BUILT_PRODUCTS_DIR; };
		CBD7B232244AD17A00596DA7 /* AppDelegate.swift */ = {isa = PBXFileReference; lastKnownFileType = sourcecode.swift; path = AppDelegate.swift; sourceTree = "<group>"; };
		CBD7B234244AD17B00596DA7 /* SceneDelegate.swift */ = {isa = PBXFileReference; lastKnownFileType = sourcecode.swift; path = SceneDelegate.swift; sourceTree = "<group>"; };
		CBD7B236244AD17B00596DA7 /* BCHLaunchScreenViewController.swift */ = {isa = PBXFileReference; lastKnownFileType = sourcecode.swift; path = BCHLaunchScreenViewController.swift; sourceTree = "<group>"; };
		CBD7B23B244AD17D00596DA7 /* Assets.xcassets */ = {isa = PBXFileReference; lastKnownFileType = folder.assetcatalog; path = Assets.xcassets; sourceTree = "<group>"; };
		CBD7B240244AD17D00596DA7 /* Info.plist */ = {isa = PBXFileReference; lastKnownFileType = text.plist.xml; path = Info.plist; sourceTree = "<group>"; };
		CBD7B247244AD4D300596DA7 /* BCHLaunchScreenView.swift */ = {isa = PBXFileReference; lastKnownFileType = sourcecode.swift; path = BCHLaunchScreenView.swift; sourceTree = "<group>"; };
		CBD7B249244ADF5E00596DA7 /* LaunchScreen.storyboard */ = {isa = PBXFileReference; lastKnownFileType = file.storyboard; path = LaunchScreen.storyboard; sourceTree = "<group>"; };
		CBD7B24C244AE90F00596DA7 /* Transaction.swift */ = {isa = PBXFileReference; lastKnownFileType = sourcecode.swift; path = Transaction.swift; sourceTree = "<group>"; };
		CBD7B24E244B50B400596DA7 /* Block.swift */ = {isa = PBXFileReference; lastKnownFileType = sourcecode.swift; path = Block.swift; sourceTree = "<group>"; };
		CBD7B250244B50D700596DA7 /* Blockchain.swift */ = {isa = PBXFileReference; lastKnownFileType = sourcecode.swift; path = Blockchain.swift; sourceTree = "<group>"; };
		CBD7B253244B50FF00596DA7 /* String+Extensions.swift */ = {isa = PBXFileReference; lastKnownFileType = sourcecode.swift; path = "String+Extensions.swift"; sourceTree = "<group>"; };
		CBD7B256244B514500596DA7 /* BCHHomeViewController.swift */ = {isa = PBXFileReference; lastKnownFileType = sourcecode.swift; path = BCHHomeViewController.swift; sourceTree = "<group>"; };
/* End PBXFileReference section */

/* Begin PBXFrameworksBuildPhase section */
		CBD7B22C244AD17A00596DA7 /* Frameworks */ = {
			isa = PBXFrameworksBuildPhase;
			buildActionMask = 2147483647;
			files = (
			);
			runOnlyForDeploymentPostprocessing = 0;
		};
/* End PBXFrameworksBuildPhase section */

/* Begin PBXGroup section */
		CBD7B226244AD17A00596DA7 = {
			isa = PBXGroup;
			children = (
				CBD7B231244AD17A00596DA7 /* Blockchain */,
				CBD7B230244AD17A00596DA7 /* Products */,
			);
			sourceTree = "<group>";
		};
		CBD7B230244AD17A00596DA7 /* Products */ = {
			isa = PBXGroup;
			children = (
				CBD7B22F244AD17A00596DA7 /* Blockchain.app */,
			);
			name = Products;
			sourceTree = "<group>";
		};
		CBD7B231244AD17A00596DA7 /* Blockchain */ = {
			isa = PBXGroup;
			children = (
				CBD7B255244B512000596DA7 /* Controllers */,
				CBD7B252244B50EE00596DA7 /* Extensions */,
				CBD7B24B244AE86200596DA7 /* Models */,
				CBD7B249244ADF5E00596DA7 /* LaunchScreen.storyboard */,
				CBD7B246244AD4B800596DA7 /* Launchpad */,
				CBD7B232244AD17A00596DA7 /* AppDelegate.swift */,
				CBD7B234244AD17B00596DA7 /* SceneDelegate.swift */,
				CBD7B23B244AD17D00596DA7 /* Assets.xcassets */,
				CBD7B240244AD17D00596DA7 /* Info.plist */,
			);
			path = Blockchain;
			sourceTree = "<group>";
		};
		CBD7B246244AD4B800596DA7 /* Launchpad */ = {
			isa = PBXGroup;
			children = (
				CBD7B236244AD17B00596DA7 /* BCHLaunchScreenViewController.swift */,
				CBD7B247244AD4D300596DA7 /* BCHLaunchScreenView.swift */,
			);
			path = Launchpad;
			sourceTree = "<group>";
		};
		CBD7B24B244AE86200596DA7 /* Models */ = {
			isa = PBXGroup;
			children = (
				CBD7B24C244AE90F00596DA7 /* Transaction.swift */,
				CBD7B24E244B50B400596DA7 /* Block.swift */,
				CBD7B250244B50D700596DA7 /* Blockchain.swift */,
			);
			path = Models;
			sourceTree = "<group>";
		};
		CBD7B252244B50EE00596DA7 /* Extensions */ = {
			isa = PBXGroup;
			children = (
				CBD7B253244B50FF00596DA7 /* String+Extensions.swift */,
			);
			path = Extensions;
			sourceTree = "<group>";
		};
		CBD7B255244B512000596DA7 /* Controllers */ = {
			isa = PBXGroup;
			children = (
				CBD7B256244B514500596DA7 /* BCHHomeViewController.swift */,
			);
			path = Controllers;
			sourceTree = "<group>";
		};
/* End PBXGroup section */

/* Begin PBXNativeTarget section */
		CBD7B22E244AD17A00596DA7 /* Blockchain */ = {
			isa = PBXNativeTarget;
			buildConfigurationList = CBD7B243244AD17D00596DA7 /* Build configuration list for PBXNativeTarget "Blockchain" */;
			buildPhases = (
				CBD7B22B244AD17A00596DA7 /* Sources */,
				CBD7B22C244AD17A00596DA7 /* Frameworks */,
				CBD7B22D244AD17A00596DA7 /* Resources */,
			);
			buildRules = (
			);
			dependencies = (
			);
			name = Blockchain;
			productName = Blockchain;
			productReference = CBD7B22F244AD17A00596DA7 /* Blockchain.app */;
			productType = "com.apple.product-type.application";
		};
/* End PBXNativeTarget section */

/* Begin PBXProject section */
		CBD7B227244AD17A00596DA7 /* Project object */ = {
			isa = PBXProject;
			attributes = {
				CLASSPREFIX = BCH;
				LastSwiftUpdateCheck = 1130;
				LastUpgradeCheck = 1130;
				ORGANIZATIONNAME = H;
				TargetAttributes = {
					CBD7B22E244AD17A00596DA7 = {
						CreatedOnToolsVersion = 11.3.1;
					};
				};
			};
			buildConfigurationList = CBD7B22A244AD17A00596DA7 /* Build configuration list for PBXProject "Blockchain" */;
			compatibilityVersion = "Xcode 9.3";
			developmentRegion = en;
			hasScannedForEncodings = 0;
			knownRegions = (
				en,
				Base,
			);
			mainGroup = CBD7B226244AD17A00596DA7;
			productRefGroup = CBD7B230244AD17A00596DA7 /* Products */;
			projectDirPath = "";
			projectRoot = "";
			targets = (
				CBD7B22E244AD17A00596DA7 /* Blockchain */,
			);
		};
/* End PBXProject section */

/* Begin PBXResourcesBuildPhase section */
		CBD7B22D244AD17A00596DA7 /* Resources */ = {
			isa = PBXResourcesBuildPhase;
			buildActionMask = 2147483647;
			files = (
				CBD7B24A244ADF5E00596DA7 /* LaunchScreen.storyboard in Resources */,
				CBD7B23C244AD17D00596DA7 /* Assets.xcassets in Resources */,
			);
			runOnlyForDeploymentPostprocessing = 0;
		};
/* End PBXResourcesBuildPhase section */

/* Begin PBXSourcesBuildPhase section */
		CBD7B22B244AD17A00596DA7 /* Sources */ = {
			isa = PBXSourcesBuildPhase;
			buildActionMask = 2147483647;
			files = (
				CBD7B237244AD17B00596DA7 /* BCHLaunchScreenViewController.swift in Sources */,
				CBD7B233244AD17B00596DA7 /* AppDelegate.swift in Sources */,
				CBD7B235244AD17B00596DA7 /* SceneDelegate.swift in Sources */,
				CBD7B257244B514500596DA7 /* BCHHomeViewController.swift in Sources */,
				CBD7B24F244B50B400596DA7 /* Block.swift in Sources */,
				CBD7B254244B50FF00596DA7 /* String+Extensions.swift in Sources */,
				CBD7B248244AD4D300596DA7 /* BCHLaunchScreenView.swift in Sources */,
				CBD7B24D244AE90F00596DA7 /* Transaction.swift in Sources */,
				CBD7B251244B50D700596DA7 /* Blockchain.swift in Sources */,
			);
			runOnlyForDeploymentPostprocessing = 0;
		};
/* End PBXSourcesBuildPhase section */

/* Begin XCBuildConfiguration section */
		CBD7B241244AD17D00596DA7 /* Debug */ = {
			isa = XCBuildConfiguration;
			buildSettings = {
				ALWAYS_SEARCH_USER_PATHS = NO;
				CLANG_ANALYZER_NONNULL = YES;
				CLANG_ANALYZER_NUMBER_OBJECT_CONVERSION = YES_AGGRESSIVE;
				CLANG_CXX_LANGUAGE_STANDARD = "gnu++14";
				CLANG_CXX_LIBRARY = "libc++";
				CLANG_ENABLE_MODULES = YES;
				CLANG_ENABLE_OBJC_ARC = YES;
				CLANG_ENABLE_OBJC_WEAK = YES;
				CLANG_WARN_BLOCK_CAPTURE_AUTORELEASING = YES;
				CLANG_WARN_BOOL_CONVERSION = YES;
				CLANG_WARN_COMMA = YES;
				CLANG_WARN_CONSTANT_CONVERSION = YES;
				CLANG_WARN_DEPRECATED_OBJC_IMPLEMENTATIONS = YES;
				CLANG_WARN_DIRECT_OBJC_ISA_USAGE = YES_ERROR;
				CLANG_WARN_DOCUMENTATION_COMMENTS = YES;
				CLANG_WARN_EMPTY_BODY = YES;
				CLANG_WARN_ENUM_CONVERSION = YES;
				CLANG_WARN_INFINITE_RECURSION = YES;
				CLANG_WARN_INT_CONVERSION = YES;
				CLANG_WARN_NON_LITERAL_NULL_CONVERSION = YES;
				CLANG_WARN_OBJC_IMPLICIT_RETAIN_SELF = YES;
				CLANG_WARN_OBJC_LITERAL_CONVERSION = YES;
				CLANG_WARN_OBJC_ROOT_CLASS = YES_ERROR;
				CLANG_WARN_RANGE_LOOP_ANALYSIS = YES;
				CLANG_WARN_STRICT_PROTOTYPES = YES;
				CLANG_WARN_SUSPICIOUS_MOVE = YES;
				CLANG_WARN_UNGUARDED_AVAILABILITY = YES_AGGRESSIVE;
				CLANG_WARN_UNREACHABLE_CODE = YES;
				CLANG_WARN__DUPLICATE_METHOD_MATCH = YES;
				COPY_PHASE_STRIP = NO;
				DEBUG_INFORMATION_FORMAT = dwarf;
				ENABLE_STRICT_OBJC_MSGSEND = YES;
				ENABLE_TESTABILITY = YES;
				GCC_C_LANGUAGE_STANDARD = gnu11;
				GCC_DYNAMIC_NO_PIC = NO;
				GCC_NO_COMMON_BLOCKS = YES;
				GCC_OPTIMIZATION_LEVEL = 0;
				GCC_PREPROCESSOR_DEFINITIONS = (
					"DEBUG=1",
					"$(inherited)",
				);
				GCC_WARN_64_TO_32_BIT_CONVERSION = YES;
				GCC_WARN_ABOUT_RETURN_TYPE = YES_ERROR;
				GCC_WARN_UNDECLARED_SELECTOR = YES;
				GCC_WARN_UNINITIALIZED_AUTOS = YES_AGGRESSIVE;
				GCC_WARN_UNUSED_FUNCTION = YES;
				GCC_WARN_UNUSED_VARIABLE = YES;
				IPHONEOS_DEPLOYMENT_TARGET = 13.2;
				MTL_ENABLE_DEBUG_INFO = INCLUDE_SOURCE;
				MTL_FAST_MATH = YES;
				ONLY_ACTIVE_ARCH = YES;
				SDKROOT = iphoneos;
				SWIFT_ACTIVE_COMPILATION_CONDITIONS = DEBUG;
				SWIFT_OPTIMIZATION_LEVEL = "-Onone";
			};
			name = Debug;
		};
		CBD7B242244AD17D00596DA7 /* Release */ = {
			isa = XCBuildConfiguration;
			buildSettings = {
				ALWAYS_SEARCH_USER_PATHS = NO;
				CLANG_ANALYZER_NONNULL = YES;
				CLANG_ANALYZER_NUMBER_OBJECT_CONVERSION = YES_AGGRESSIVE;
				CLANG_CXX_LANGUAGE_STANDARD = "gnu++14";
				CLANG_CXX_LIBRARY = "libc++";
				CLANG_ENABLE_MODULES = YES;
				CLANG_ENABLE_OBJC_ARC = YES;
				CLANG_ENABLE_OBJC_WEAK = YES;
				CLANG_WARN_BLOCK_CAPTURE_AUTORELEASING = YES;
				CLANG_WARN_BOOL_CONVERSION = YES;
				CLANG_WARN_COMMA = YES;
				CLANG_WARN_CONSTANT_CONVERSION = YES;
				CLANG_WARN_DEPRECATED_OBJC_IMPLEMENTATIONS = YES;
				CLANG_WARN_DIRECT_OBJC_ISA_USAGE = YES_ERROR;
				CLANG_WARN_DOCUMENTATION_COMMENTS = YES;
				CLANG_WARN_EMPTY_BODY = YES;
				CLANG_WARN_ENUM_CONVERSION = YES;
				CLANG_WARN_INFINITE_RECURSION = YES;
				CLANG_WARN_INT_CONVERSION = YES;
				CLANG_WARN_NON_LITERAL_NULL_CONVERSION = YES;
				CLANG_WARN_OBJC_IMPLICIT_RETAIN_SELF = YES;
				CLANG_WARN_OBJC_LITERAL_CONVERSION = YES;
				CLANG_WARN_OBJC_ROOT_CLASS = YES_ERROR;
				CLANG_WARN_RANGE_LOOP_ANALYSIS = YES;
				CLANG_WARN_STRICT_PROTOTYPES = YES;
				CLANG_WARN_SUSPICIOUS_MOVE = YES;
				CLANG_WARN_UNGUARDED_AVAILABILITY = YES_AGGRESSIVE;
				CLANG_WARN_UNREACHABLE_CODE = YES;
				CLANG_WARN__DUPLICATE_METHOD_MATCH = YES;
				COPY_PHASE_STRIP = NO;
				DEBUG_INFORMATION_FORMAT = "dwarf-with-dsym";
				ENABLE_NS_ASSERTIONS = NO;
				ENABLE_STRICT_OBJC_MSGSEND = YES;
				GCC_C_LANGUAGE_STANDARD = gnu11;
				GCC_NO_COMMON_BLOCKS = YES;
				GCC_WARN_64_TO_32_BIT_CONVERSION = YES;
				GCC_WARN_ABOUT_RETURN_TYPE = YES_ERROR;
				GCC_WARN_UNDECLARED_SELECTOR = YES;
				GCC_WARN_UNINITIALIZED_AUTOS = YES_AGGRESSIVE;
				GCC_WARN_UNUSED_FUNCTION = YES;
				GCC_WARN_UNUSED_VARIABLE = YES;
				IPHONEOS_DEPLOYMENT_TARGET = 13.2;
				MTL_ENABLE_DEBUG_INFO = NO;
				MTL_FAST_MATH = YES;
				SDKROOT = iphoneos;
				SWIFT_COMPILATION_MODE = wholemodule;
				SWIFT_OPTIMIZATION_LEVEL = "-O";
				VALIDATE_PRODUCT = YES;
			};
			name = Release;
		};
		CBD7B244244AD17D00596DA7 /* Debug */ = {
			isa = XCBuildConfiguration;
			buildSettings = {
				ASSETCATALOG_COMPILER_APPICON_NAME = AppIcon;
				CODE_SIGN_STYLE = Automatic;
				DEVELOPMENT_TEAM = Z45YCKTY4V;
				INFOPLIST_FILE = Blockchain/Info.plist;
				LD_RUNPATH_SEARCH_PATHS = (
					"$(inherited)",
					"@executable_path/Frameworks",
				);
				PRODUCT_BUNDLE_IDENTIFIER = com.hnz.Blockchain;
				PRODUCT_NAME = "$(TARGET_NAME)";
				SWIFT_VERSION = 5.0;
				TARGETED_DEVICE_FAMILY = 1;
			};
			name = Debug;
		};
		CBD7B245244AD17D00596DA7 /* Release */ = {
			isa = XCBuildConfiguration;
			buildSettings = {
				ASSETCATALOG_COMPILER_APPICON_NAME = AppIcon;
				CODE_SIGN_STYLE = Automatic;
				DEVELOPMENT_TEAM = Z45YCKTY4V;
				INFOPLIST_FILE = Blockchain/Info.plist;
				LD_RUNPATH_SEARCH_PATHS = (
					"$(inherited)",
					"@executable_path/Frameworks",
				);
				PRODUCT_BUNDLE_IDENTIFIER = com.hnz.Blockchain;
				PRODUCT_NAME = "$(TARGET_NAME)";
				SWIFT_VERSION = 5.0;
				TARGETED_DEVICE_FAMILY = 1;
			};
			name = Release;
		};
/* End XCBuildConfiguration section */

/* Begin XCConfigurationList section */
		CBD7B22A244AD17A00596DA7 /* Build configuration list for PBXProject "Blockchain" */ = {
			isa = XCConfigurationList;
			buildConfigurations = (
				CBD7B241244AD17D00596DA7 /* Debug */,
				CBD7B242244AD17D00596DA7 /* Release */,
			);
			defaultConfigurationIsVisible = 0;
			defaultConfigurationName = Release;
		};
		CBD7B243244AD17D00596DA7 /* Build configuration list for PBXNativeTarget "Blockchain" */ = {
			isa = XCConfigurationList;
			buildConfigurations = (
				CBD7B244244AD17D00596DA7 /* Debug */,
				CBD7B245244AD17D00596DA7 /* Release */,
			);
			defaultConfigurationIsVisible = 0;
			defaultConfigurationName = Release;
		};
/* End XCConfigurationList section */
	};
	rootObject = CBD7B227244AD17A00596DA7 /* Project object */;
}
